{
  "version": "3",
  "packages": {
    "specifiers": {
      "npm:@types/ip@1.1.3": "npm:@types/ip@1.1.3",
      "npm:ip@1.1.8": "npm:ip@1.1.8",
      "npm:nostr-tools@1.17.0": "npm:nostr-tools@1.17.0"
    },
    "npm": {
      "@noble/ciphers@0.2.0": {
        "integrity": "sha512-6YBxJDAapHSdd3bLDv6x2wRPwq4QFMUaB3HvljNBUTThDd12eSm7/3F+2lnfzx2jvM+S6Nsy0jEt9QbPqSwqRw==",
        "dependencies": {}
      },
      "@noble/curves@1.1.0": {
        "integrity": "sha512-091oBExgENk/kGj3AZmtBDMpxQPDtxQABR2B9lb1JbVTs6ytdzZNwvhxQ4MWasRNEzlbEH8jCWFCwhF/Obj5AA==",
        "dependencies": {
          "@noble/hashes": "@noble/hashes@1.3.1"
        }
      },
      "@noble/hashes@1.3.1": {
        "integrity": "sha512-EbqwksQwz9xDRGfDST86whPBgM65E0OH/pCgqW0GBVzO22bNE+NuIbeTb714+IfSjU3aRk47EUvXIb5bTsenKA==",
        "dependencies": {}
      },
      "@scure/base@1.1.1": {
        "integrity": "sha512-ZxOhsSyxYwLJj3pLZCefNitxsj093tb2vq90mp2txoYeBqbcjDjqFhyM8eUjq/uFm6zJ+mUuqxlS2FkuSY1MTA==",
        "dependencies": {}
      },
      "@scure/bip32@1.3.1": {
        "integrity": "sha512-osvveYtyzdEVbt3OfwwXFr4P2iVBL5u1Q3q4ONBfDY/UpOuXmOlbgwc1xECEboY8wIays8Yt6onaWMUdUbfl0A==",
        "dependencies": {
          "@noble/curves": "@noble/curves@1.1.0",
          "@noble/hashes": "@noble/hashes@1.3.1",
          "@scure/base": "@scure/base@1.1.1"
        }
      },
      "@scure/bip39@1.2.1": {
        "integrity": "sha512-Z3/Fsz1yr904dduJD0NpiyRHhRYHdcnyh73FZWiV+/qhWi83wNJ3NWolYqCEN+ZWsUz2TWwajJggcRE9r1zUYg==",
        "dependencies": {
          "@noble/hashes": "@noble/hashes@1.3.1",
          "@scure/base": "@scure/base@1.1.1"
        }
      },
      "@types/ip@1.1.3": {
        "integrity": "sha512-64waoJgkXFTYnCYDUWgSATJ/dXEBanVkaP5d4Sbk7P6U7cTTMhxVyROTckc6JKdwCrgnAjZMn0k3177aQxtDEA==",
        "dependencies": {
          "@types/node": "@types/node@18.16.19"
        }
      },
      "@types/node@18.16.19": {
        "integrity": "sha512-IXl7o+R9iti9eBW4Wg2hx1xQDig183jj7YLn8F7udNceyfkbn1ZxmzZXuak20gR40D7pIkIY1kYGx5VIGbaHKA==",
        "dependencies": {}
      },
      "ip@1.1.8": {
        "integrity": "sha512-PuExPYUiu6qMBQb4l06ecm6T6ujzhmh+MeJcW9wa89PoAz5pvd4zPgN5WJV104mb6S2T1AwNIAaB70JNrLQWhg==",
        "dependencies": {}
      },
      "nostr-tools@1.17.0": {
        "integrity": "sha512-LZmR8GEWKZeElbFV5Xte75dOeE9EFUW/QLI1Ncn3JKn0kFddDKEfBbFN8Mu4TMs+L4HR/WTPha2l+PPuRnJcMw==",
        "dependencies": {
          "@noble/ciphers": "@noble/ciphers@0.2.0",
          "@noble/curves": "@noble/curves@1.1.0",
          "@noble/hashes": "@noble/hashes@1.3.1",
          "@scure/base": "@scure/base@1.1.1",
          "@scure/bip32": "@scure/bip32@1.3.1",
          "@scure/bip39": "@scure/bip39@1.2.1"
        }
      }
    }
  },
  "remote": {
    "https://deno.land/std@0.206.0/dotenv/mod.ts": "039468f5c87d39b69d7ca6c3d68ebca82f206ec0ff5e011d48205eea292ea5a6"
  }
}
