{
  "version": "5",
  "specifiers": {
    "jsr:@deno/esbuild-plugin@^1.2.0": "1.2.1",
    "jsr:@deno/loader@~0.3.10": "0.3.14",
    "jsr:@fresh/build-id@1": "1.0.1",
    "jsr:@fresh/core@^2.3.3": "2.3.3",
    "jsr:@nostr/tools@2.23.6": "2.23.6",
    "jsr:@std/assert@^1.0.19": "1.0.19",
    "jsr:@std/bytes@^1.0.6": "1.0.6",
    "jsr:@std/dotenv@0.225.6": "0.225.6",
    "jsr:@std/encoding@^1.0.10": "1.0.10",
    "jsr:@std/fmt@^1.0.5": "1.0.10",
    "jsr:@std/fmt@^1.0.8": "1.0.10",
    "jsr:@std/fs@^1.0.11": "1.0.24",
    "jsr:@std/fs@^1.0.19": "1.0.24",
    "jsr:@std/html@^1.0.5": "1.0.7",
    "jsr:@std/http@^1.0.21": "1.1.1",
    "jsr:@std/internal@^1.0.12": "1.0.14",
    "jsr:@std/internal@^1.0.14": "1.0.14",
    "jsr:@std/io@~0.225.2": "0.225.3",
    "jsr:@std/jsonc@^1.0.2": "1.0.2",
    "jsr:@std/log@0.224.14": "0.224.14",
    "jsr:@std/media-types@^1.1.0": "1.1.0",
    "jsr:@std/net@^1.0.6": "1.0.6",
    "jsr:@std/path@^1.1.1": "1.1.5",
    "jsr:@std/path@^1.1.2": "1.1.5",
    "jsr:@std/path@^1.1.5": "1.1.5",
    "jsr:@std/semver@^1.0.6": "1.0.8",
    "jsr:@std/uuid@^1.0.9": "1.1.1",
    "jsr:@std/yaml@^1.1.1": "1.1.1",
    "npm:@noble/ciphers@2.1.1": "2.1.1",
    "npm:@noble/curves@2.0.1": "2.0.1",
    "npm:@noble/hashes@2.0.1": "2.0.1",
    "npm:@opentelemetry/api@^1.9.0": "1.9.1",
    "npm:@preact/signals@^2.5.1": "2.9.1_preact@10.29.2",
    "npm:@scure/base@2.0.0": "2.0.0",
    "npm:@scure/bip32@2.0.1": "2.0.1",
    "npm:@scure/bip39@2.0.1": "2.0.1",
    "npm:@types/ip@1.1.3": "1.1.3",
    "npm:ajv@^8.20.0": "8.20.0",
    "npm:esbuild-wasm@~0.25.11": "0.25.12",
    "npm:esbuild@0.25.7": "0.25.7",
    "npm:esbuild@~0.28.1": "0.28.1",
    "npm:ip@1.1.8": "1.1.8",
    "npm:maxmind@^5.0.6": "5.0.6",
    "npm:nostr-tools@2.10.1": "2.10.1",
    "npm:nostr-wasm@0.1.0": "0.1.0",
    "npm:preact-render-to-string@^6.6.3": "6.7.0_preact@10.29.2",
    "npm:preact-render-to-string@^6.7.0": "6.7.0_preact@10.29.2",
    "npm:preact@^10.28.2": "10.29.2",
    "npm:preact@^10.29.1": "10.29.2",
    "npm:preact@^10.29.2": "10.29.2",
    "npm:redis@6": "6.0.0_@opentelemetry+api@1.9.1"
  },
  "jsr": {
    "@deno/esbuild-plugin@1.2.1": {
      "integrity": "df629467913adc1f960149fdfa3a3430ba8c20381c310fba096db244e6c3c9f6",
      "dependencies": [
        "jsr:@deno/loader",
        "jsr:@std/path@^1.1.1"
      ]
    },
    "@deno/loader@0.3.14": {
      "integrity": "97bc63a6cc2d27a60bcdc953f588c5213331d866d44212eebb24cebfb9b011ca"
    },
    "@fresh/build-id@1.0.1": {
      "integrity": "12a2ec25fd52ae9ec68c26848a5696cd1c9b537f7c983c7e56e4fb1e7e816c20",
      "dependencies": [
        "jsr:@std/encoding"
      ]
    },
    "@fresh/core@2.3.3": {
      "integrity": "6c2aad199976644352c89a1d601f3ef331b1d24cdadb53ed469324a303598383",
      "dependencies": [
        "jsr:@deno/esbuild-plugin",
        "jsr:@fresh/build-id",
        "jsr:@std/encoding",
        "jsr:@std/fmt@^1.0.8",
        "jsr:@std/fs@^1.0.19",
        "jsr:@std/html",
        "jsr:@std/http",
        "jsr:@std/jsonc",
        "jsr:@std/media-types",
        "jsr:@std/net",
        "jsr:@std/path@^1.1.2",
        "jsr:@std/semver",
        "jsr:@std/uuid",
        "npm:@opentelemetry/api",
        "npm:@preact/signals",
        "npm:esbuild-wasm",
        "npm:esbuild@0.25.7",
        "npm:preact-render-to-string@^6.6.3",
        "npm:preact@^10.28.2",
        "npm:preact@^10.29.1"
      ]
    },
    "@nostr/tools@2.23.6": {
      "integrity": "c64e5002b2c00ee2b2ecab5a0a5698f30f8e378e4effb622c7801ccb00ae08d1",
      "dependencies": [
        "npm:@noble/ciphers",
        "npm:@noble/curves",
        "npm:@noble/hashes",
        "npm:@scure/base",
        "npm:@scure/bip32",
        "npm:@scure/bip39",
        "npm:nostr-wasm"
      ]
    },
    "@std/assert@1.0.19": {
      "integrity": "eaada96ee120cb980bc47e040f82814d786fe8162ecc53c91d8df60b8755991e",
      "dependencies": [
        "jsr:@std/internal@^1.0.12"
      ]
    },
    "@std/bytes@1.0.6": {
      "integrity": "f6ac6adbd8ccd99314045f5703e23af0a68d7f7e58364b47d2c7f408aeb5820a"
    },
    "@std/dotenv@0.225.6": {
      "integrity": "1d6f9db72f565bd26790fa034c26e45ecb260b5245417be76c2279e5734c421b"
    },
    "@std/encoding@1.0.10": {
      "integrity": "8783c6384a2d13abd5e9e87a7ae0520a30e9f56aeeaa3bdf910a3eaaf5c811a1"
    },
    "@std/fmt@1.0.10": {
      "integrity": "90dfba288802ac6de82fb31d0917eb9e4450b9925b954d5e51fc29ac07419db5"
    },
    "@std/fs@1.0.24": {
      "integrity": "f3061b45b81673a2bece689da041df32d174be064c89eb6397fb5718d3fb7877",
      "dependencies": [
        "jsr:@std/path@^1.1.5"
      ]
    },
    "@std/html@1.0.7": {
      "integrity": "175c818905a6e75743c69c251395e273d82698e58cfe7dd76268d70e28b8d8fe"
    },
    "@std/http@1.1.1": {
      "integrity": "e343a9a80aea07c716b91be5c79df764144430ad2dd7c9121ed7443f08dc74f7",
      "dependencies": [
        "jsr:@std/encoding"
      ]
    },
    "@std/internal@1.0.14": {
      "integrity": "291516b3d4c35024d6ffbc0a9df5bf4c64116e05b50012cf846710152d2ffdf7"
    },
    "@std/io@0.225.3": {
      "integrity": "27b07b591384d12d7b568f39e61dff966b8230559122df1e9fd11cc068f7ddd1"
    },
    "@std/jsonc@1.0.2": {
      "integrity": "909605dae3af22bd75b1cbda8d64a32cf1fd2cf6efa3f9e224aba6d22c0f44c7"
    },
    "@std/log@0.224.14": {
      "integrity": "257f7adceee3b53bb2bc86c7242e7d1bc59729e57d4981c4a7e5b876c808f05e",
      "dependencies": [
        "jsr:@std/fmt@^1.0.5",
        "jsr:@std/fs@^1.0.11",
        "jsr:@std/io"
      ]
    },
    "@std/media-types@1.1.0": {
      "integrity": "c9d093f0c05c3512932b330e3cc1fe1d627b301db33a4c2c2185c02471d6eaa4"
    },
    "@std/net@1.0.6": {
      "integrity": "110735f93e95bb9feb95790a8b1d1bf69ec0dc74f3f97a00a76ea5efea25500c"
    },
    "@std/path@1.1.5": {
      "integrity": "ccea00982ea28c36becaf6e62f855406c76a8c32d462f66f415bbb7d83a271bc",
      "dependencies": [
        "jsr:@std/internal@^1.0.14"
      ]
    },
    "@std/semver@1.0.8": {
      "integrity": "dc830e8b8b6a380c895d53fbfd1258dc253704ca57bbe1629ac65fd7830179b7"
    },
    "@std/uuid@1.1.1": {
      "integrity": "7b49060282d90f72fec64952f8c7a2914cbe6fdba3eca665f8cedc90830154a7",
      "dependencies": [
        "jsr:@std/bytes"
      ]
    },
    "@std/yaml@1.1.1": {
      "integrity": "a57665ecf3d17b926380593a56625d8a10cc7281802f1e993b5ebc94a48e71f8"
    }
  },
  "npm": {
    "@esbuild/aix-ppc64@0.25.7": {
      "integrity": "sha512-uD0kKFHh6ETr8TqEtaAcV+dn/2qnYbH/+8wGEdY70Qf7l1l/jmBUbrmQqwiPKAQE6cOQ7dTj6Xr0HzQDGHyceQ==",
      "os": ["aix"],
      "cpu": ["ppc64"]
    },
    "@esbuild/aix-ppc64@0.28.1": {
      "integrity": "sha512-Svl7tq8k/08+p6CXPpRjQ1fKX+1odH/BQbb48fV6fj3CWHhsoIOoY87w1oHXm0qEpkIK3ZfVgp0hed3XBXzXMQ==",
      "os": ["aix"],
      "cpu": ["ppc64"]
    },
    "@esbuild/android-arm64@0.25.7": {
      "integrity": "sha512-p0ohDnwyIbAtztHTNUTzN5EGD/HJLs1bwysrOPgSdlIA6NDnReoVfoCyxG6W1d85jr2X80Uq5KHftyYgaK9LPQ==",
      "os": ["android"],
      "cpu": ["arm64"]
    },
    "@esbuild/android-arm64@0.28.1": {
      "integrity": "sha512-34EGEbCIAgosYz6goLcopX6Mo7NyGv9tfwEM2/7Ce2VcVRk568iSvniGWcUXIy7wEDR1wzolcxcriFVrWYcwBg==",
      "os": ["android"],
      "cpu": ["arm64"]
    },
    "@esbuild/android-arm@0.25.7": {
      "integrity": "sha512-Jhuet0g1k9rAJHrXGIh7sFknFuT4sfytYZpZpuZl7YKDhnPByVAm5oy2LEBmMbuYf3ejWVYCc2seX81Mk+madA==",
      "os": ["android"],
      "cpu": ["arm"]
    },
    "@esbuild/android-arm@0.28.1": {
      "integrity": "sha512-0k2F129Xdio1TdJfzJ8sy1Q47vUD2NnwdhiAf7drUN1EBTfPf4hsFCtmMgu/6m8JSzsBrlmVjudMBQqOfG8usQ==",
      "os": ["android"],
      "cpu": ["arm"]
    },
    "@esbuild/android-x64@0.25.7": {
      "integrity": "sha512-mMxIJFlSgVK23HSsII3ZX9T2xKrBCDGyk0qiZnIW10LLFFtZLkFD6imZHu7gUo2wkNZwS9Yj3mOtZD3ZPcjCcw==",
      "os": ["android"],
      "cpu": ["x64"]
    },
    "@esbuild/android-x64@0.28.1": {
      "integrity": "sha512-dbwY7ltSMDWsRatcRpCnES4F+im88OCUgGZjy52shC7GqHRE/cYlxNbB4Z4UpJswpcc4Qxd2oE/ufM0p61IKng==",
      "os": ["android"],
      "cpu": ["x64"]
    },
    "@esbuild/darwin-arm64@0.25.7": {
      "integrity": "sha512-jyOFLGP2WwRwxM8F1VpP6gcdIJc8jq2CUrURbbTouJoRO7XCkU8GdnTDFIHdcifVBT45cJlOYsZ1kSlfbKjYUQ==",
      "os": ["darwin"],
      "cpu": ["arm64"]
    },
    "@esbuild/darwin-arm64@0.28.1": {
      "integrity": "sha512-TZbWkQY7kvTAXbXUT7uVACR5cMHsDiSz9z7ZKAX/RTq/WJEk3QyRr0wZpNhBDX+/0CtdqUIJlOiodQcta6tY3Q==",
      "os": ["darwin"],
      "cpu": ["arm64"]
    },
    "@esbuild/darwin-x64@0.25.7": {
      "integrity": "sha512-m9bVWqZCwQ1BthruifvG64hG03zzz9gE2r/vYAhztBna1/+qXiHyP9WgnyZqHgGeXoimJPhAmxfbeU+nMng6ZA==",
      "os": ["darwin"],
      "cpu": ["x64"]
    },
    "@esbuild/darwin-x64@0.28.1": {
      "integrity": "sha512-zfdzgK9ACBNZLI/CyHTOx81SyNbM6YXn7rxSgX97VjyiPl9W1i4Ka4fgKECEoFCKGpvBj5qArWIGgQjOwkgskQ==",
      "os": ["darwin"],
      "cpu": ["x64"]
    },
    "@esbuild/freebsd-arm64@0.25.7": {
      "integrity": "sha512-Bss7P4r6uhr3kDzRjPNEnTm/oIBdTPRNQuwaEFWT/uvt6A1YzK/yn5kcx5ZxZ9swOga7LqeYlu7bDIpDoS01bA==",
      "os": ["freebsd"],
      "cpu": ["arm64"]
    },
    "@esbuild/freebsd-arm64@0.28.1": {
      "integrity": "sha512-wG2EA8ENdEI0qhkSZMjfqrdY+ziCYCPMmtZjjIwOmXFjmyzEHn+UUxk5of+SYsjtfs3VpnlC7QLzSI5hY/rOAw==",
      "os": ["freebsd"],
      "cpu": ["arm64"]
    },
    "@esbuild/freebsd-x64@0.25.7": {
      "integrity": "sha512-S3BFyjW81LXG7Vqmr37ddbThrm3A84yE7ey/ERBlK9dIiaWgrjRlre3pbG7txh1Uaxz8N7wGGQXmC9zV+LIpBQ==",
      "os": ["freebsd"],
      "cpu": ["x64"]
    },
    "@esbuild/freebsd-x64@0.28.1": {
      "integrity": "sha512-i7dZ9vQgnvSCzi/rYCXNgtF/U+eKZNJBzu3eTQbRgHnM7tNSizLOkRFAl3qzVc/Op/u5YkHHa4pf/3DOYHthLQ==",
      "os": ["freebsd"],
      "cpu": ["x64"]
    },
    "@esbuild/linux-arm64@0.25.7": {
      "integrity": "sha512-HfQZQqrNOfS1Okn7PcsGUqHymL1cWGBslf78dGvtrj8q7cN3FkapFgNA4l/a5lXDwr7BqP2BSO6mz9UremNPbg==",
      "os": ["linux"],
      "cpu": ["arm64"]
    },
    "@esbuild/linux-arm64@0.28.1": {
      "integrity": "sha512-yHs+0uc8+nvEAfAfxrWQKK5peSNzBc4PegcMO0EJ2hT71uA7vB8Ihg2e77R2P7SG5uYjPbHlLLmve4LLLRCf0g==",
      "os": ["linux"],
      "cpu": ["arm64"]
    },
    "@esbuild/linux-arm@0.25.7": {
      "integrity": "sha512-JZMIci/1m5vfQuhKoFXogCKVYVfYQmoZJg8vSIMR4TUXbF+0aNlfXH3DGFEFMElT8hOTUF5hisdZhnrZO/bkDw==",
      "os": ["linux"],
      "cpu": ["arm"]
    },
    "@esbuild/linux-arm@0.28.1": {
      "integrity": "sha512-qVXBOHQS+d5Y722GwJzJUtOLlX7km3CraOaGormF1pDtPd2C/l1SHRPgjLunLGe51Sh5YYWKMFDyV4SxgMQYTQ==",
      "os": ["linux"],
      "cpu": ["arm"]
    },
    "@esbuild/linux-ia32@0.25.7": {
      "integrity": "sha512-9Jex4uVpdeofiDxnwHRgen+j6398JlX4/6SCbbEFEXN7oMO2p0ueLN+e+9DdsdPLUdqns607HmzEFnxwr7+5wQ==",
      "os": ["linux"],
      "cpu": ["ia32"]
    },
    "@esbuild/linux-ia32@0.28.1": {
      "integrity": "sha512-d1z4ZuP0ajrfz/FhGT4vv278rX8KnPPJx8i5+AtK7TYbx9Le9F1hyzurZpkEyjkGa9dUGhQow4C1NmeGvqxN2w==",
      "os": ["linux"],
      "cpu": ["ia32"]
    },
    "@esbuild/linux-loong64@0.25.7": {
      "integrity": "sha512-TG1KJqjBlN9IHQjKVUYDB0/mUGgokfhhatlay8aZ/MSORMubEvj/J1CL8YGY4EBcln4z7rKFbsH+HeAv0d471w==",
      "os": ["linux"],
      "cpu": ["loong64"]
    },
    "@esbuild/linux-loong64@0.28.1": {
      "integrity": "sha512-M5sRjUVZrkm1OAPR3dlOYzNmN+loZKGVi1VUQGrwuqLcbR6qeAz+famMhjASeH3YVKvZz+zT1jlh/keC3Rj/lg==",
      "os": ["linux"],
      "cpu": ["loong64"]
    },
    "@esbuild/linux-mips64el@0.25.7": {
      "integrity": "sha512-Ty9Hj/lx7ikTnhOfaP7ipEm/ICcBv94i/6/WDg0OZ3BPBHhChsUbQancoWYSO0WNkEiSW5Do4febTTy4x1qYQQ==",
      "os": ["linux"],
      "cpu": ["mips64el"]
    },
    "@esbuild/linux-mips64el@0.28.1": {
      "integrity": "sha512-mRObBZeHh2OxcBFPWE/FjylkRgZdYuiTR3vaTozquCGOH14iP9oN4x4Ge81CoIDYQrXmIxpFumJBu5MtZpnQJQ==",
      "os": ["linux"],
      "cpu": ["mips64el"]
    },
    "@esbuild/linux-ppc64@0.25.7": {
      "integrity": "sha512-MrOjirGQWGReJl3BNQ58BLhUBPpWABnKrnq8Q/vZWWwAB1wuLXOIxS2JQ1LT3+5T+3jfPh0tyf5CpbyQHqnWIQ==",
      "os": ["linux"],
      "cpu": ["ppc64"]
    },
    "@esbuild/linux-ppc64@0.28.1": {
      "integrity": "sha512-slScBsMAb3GFDcdrCgLwZtPYRoH2H/youv10QiZyRjmsP48fznoveWytSgCI/R0ZcUgpc0ZhIUEx6LHts8yrfQ==",
      "os": ["linux"],
      "cpu": ["ppc64"]
    },
    "@esbuild/linux-riscv64@0.25.7": {
      "integrity": "sha512-9pr23/pqzyqIZEZmQXnFyqp3vpa+KBk5TotfkzGMqpw089PGm0AIowkUppHB9derQzqniGn3wVXgck19+oqiOw==",
      "os": ["linux"],
      "cpu": ["riscv64"]
    },
    "@esbuild/linux-riscv64@0.28.1": {
      "integrity": "sha512-kw0owk1o0GFETUJyW0jc0G4Yzs0BHZn0JDZ8JRT088vjJYX777BAs1fDGxAC+q831qOs2DTC96mNsG2opdfyyQ==",
      "os": ["linux"],
      "cpu": ["riscv64"]
    },
    "@esbuild/linux-s390x@0.25.7": {
      "integrity": "sha512-4dP11UVGh9O6Y47m8YvW8eoA3r8qL2toVZUbBKyGta8j6zdw1cn9F/Rt59/Mhv0OgY68pHIMjGXWOUaykCnx+w==",
      "os": ["linux"],
      "cpu": ["s390x"]
    },
    "@esbuild/linux-s390x@0.28.1": {
      "integrity": "sha512-/lAIjX8aYFRByhh6L5rYtPEDRqa9de/4V/juOXcta5frjvzXO4/sqEtyytse0g3zZFuWu5cDN0MkLz2qRDD2Ag==",
      "os": ["linux"],
      "cpu": ["s390x"]
    },
    "@esbuild/linux-x64@0.25.7": {
      "integrity": "sha512-ghJMAJTdw/0uhz7e7YnpdX1xVn7VqA0GrWrAO2qKMuqbvgHT2VZiBv1BQ//VcHsPir4wsL3P2oPggfKPzTKoCA==",
      "os": ["linux"],
      "cpu": ["x64"]
    },
    "@esbuild/linux-x64@0.28.1": {
      "integrity": "sha512-u/anNYF2mmVOEDwLtnQ1wOr3EZ9sTNGLWrsYGYwHWzGA3Si84IOkHXlbWTD1NB+9/1lcnweYKO54uhxZydNzfA==",
      "os": ["linux"],
      "cpu": ["x64"]
    },
    "@esbuild/netbsd-arm64@0.25.7": {
      "integrity": "sha512-bwXGEU4ua45+u5Ci/a55B85KWaDSRS8NPOHtxy2e3etDjbz23wlry37Ffzapz69JAGGc4089TBo+dGzydQmydg==",
      "os": ["netbsd"],
      "cpu": ["arm64"]
    },
    "@esbuild/netbsd-arm64@0.28.1": {
      "integrity": "sha512-oks0DYbLwWMmaakTsCb+zL4E+aHRVLom9IJZOAthMQEPiQmydXHkziYEsGYRx0uNV/IjEKGAV941JzH02pflqw==",
      "os": ["netbsd"],
      "cpu": ["arm64"]
    },
    "@esbuild/netbsd-x64@0.25.7": {
      "integrity": "sha512-tUZRvLtgLE5OyN46sPSYlgmHoBS5bx2URSrgZdW1L1teWPYVmXh+QN/sKDqkzBo/IHGcKcHLKDhBeVVkO7teEA==",
      "os": ["netbsd"],
      "cpu": ["x64"]
    },
    "@esbuild/netbsd-x64@0.28.1": {
      "integrity": "sha512-aeL6lAnN89Hz43Mlh1G8ARasbuoYvSITDEx0tHh5b7jJnHcssqgjy9Yx430GDpmCa6OyrKoS0aNRjKundRizGg==",
      "os": ["netbsd"],
      "cpu": ["x64"]
    },
    "@esbuild/openbsd-arm64@0.25.7": {
      "integrity": "sha512-bTJ50aoC+WDlDGBReWYiObpYvQfMjBNlKztqoNUL0iUkYtwLkBQQeEsTq/I1KyjsKA5tyov6VZaPb8UdD6ci6Q==",
      "os": ["openbsd"],
      "cpu": ["arm64"]
    },
    "@esbuild/openbsd-arm64@0.28.1": {
      "integrity": "sha512-MEFJe5C3R8pwXdZ5Y21oo6m7ePiS0d9pWucn99O/wvyJZChoIQKrQDxKrGeW8F5+T0okTHesAmDeiHDTIq0V/Q==",
      "os": ["openbsd"],
      "cpu": ["arm64"]
    },
    "@esbuild/openbsd-x64@0.25.7": {
      "integrity": "sha512-TA9XfJrgzAipFUU895jd9j2SyDh9bbNkK2I0gHcvqb/o84UeQkBpi/XmYX3cO1q/9hZokdcDqQxIi6uLVrikxg==",
      "os": ["openbsd"],
      "cpu": ["x64"]
    },
    "@esbuild/openbsd-x64@0.28.1": {
      "integrity": "sha512-i/ZLIOafE0Z8cI/XANJAixoJL/uRAoS2xOA3rb0xN+KK0K177cMAsQYkzHtBrtMXAKuAc7HGgcWiZ/sRC1Nxgw==",
      "os": ["openbsd"],
      "cpu": ["x64"]
    },
    "@esbuild/openharmony-arm64@0.25.7": {
      "integrity": "sha512-5VTtExUrWwHHEUZ/N+rPlHDwVFQ5aME7vRJES8+iQ0xC/bMYckfJ0l2n3yGIfRoXcK/wq4oXSItZAz5wslTKGw==",
      "os": ["openharmony"],
      "cpu": ["arm64"]
    },
    "@esbuild/openharmony-arm64@0.28.1": {
      "integrity": "sha512-ge+Z7EXFNt2BO1oAMsVpiQ8EwndV9i1xXerAeTIK7AtPs3bKFXQM7nlRxDSIUIMeueR1CNXxqztLzdNeReKBJg==",
      "os": ["openharmony"],
      "cpu": ["arm64"]
    },
    "@esbuild/sunos-x64@0.25.7": {
      "integrity": "sha512-umkbn7KTxsexhv2vuuJmj9kggd4AEtL32KodkJgfhNOHMPtQ55RexsaSrMb+0+jp9XL4I4o2y91PZauVN4cH3A==",
      "os": ["sunos"],
      "cpu": ["x64"]
    },
    "@esbuild/sunos-x64@0.28.1": {
      "integrity": "sha512-BEjgtECkL3vY+SaSQ6nzVfiALUeFxpawyp8Jmf5PtYhf1Ug40N1h/hxlhts+f1FvSvarEigdxS3BlSMI2PJLcQ==",
      "os": ["sunos"],
      "cpu": ["x64"]
    },
    "@esbuild/win32-arm64@0.25.7": {
      "integrity": "sha512-j20JQGP/gz8QDgzl5No5Gr4F6hurAZvtkFxAKhiv2X49yi/ih8ECK4Y35YnjlMogSKJk931iNMcd35BtZ4ghfw==",
      "os": ["win32"],
      "cpu": ["arm64"]
    },
    "@esbuild/win32-arm64@0.28.1": {
      "integrity": "sha512-lCv9eK/H6ZJWbE7bh2nw54CZ9M2nupBxJcTsdk/QQnWkdSjKGuxmmH8/GWrlT1eMmZfn4dGcCjRte397WqfQXA==",
      "os": ["win32"],
      "cpu": ["arm64"]
    },
    "@esbuild/win32-ia32@0.25.7": {
      "integrity": "sha512-4qZ6NUfoiiKZfLAXRsvFkA0hoWVM+1y2bSHXHkpdLAs/+r0LgwqYohmfZCi985c6JWHhiXP30mgZawn/XrqAkQ==",
      "os": ["win32"],
      "cpu": ["ia32"]
    },
    "@esbuild/win32-ia32@0.28.1": {
      "integrity": "sha512-zvb/mB2bSCoJOpoCBgYKKpX6YM6mJBlBUVUtVj41DlZJVEB6/0CKlRYxP5wWl1C1ILiCoAU5wZZ4q1P3qeS6Eg==",
      "os": ["win32"],
      "cpu": ["ia32"]
    },
    "@esbuild/win32-x64@0.25.7": {
      "integrity": "sha512-FaPsAHTwm+1Gfvn37Eg3E5HIpfR3i6x1AIcla/MkqAIupD4BW3MrSeUqfoTzwwJhk3WE2/KqUn4/eenEJC76VA==",
      "os": ["win32"],
      "cpu": ["x64"]
    },
    "@esbuild/win32-x64@0.28.1": {
      "integrity": "sha512-bm4Mowrv+GXMlpWX++EcXw/iLyd1o3+bJkC2DkWXYVvgZCqD/bSj9ctZeAMC3cIxgjRVR2Dufaiu4YPxr5gW1A==",
      "os": ["win32"],
      "cpu": ["x64"]
    },
    "@noble/ciphers@0.5.3": {
      "integrity": "sha512-B0+6IIHiqEs3BPMT0hcRmHvEj2QHOLu+uwt+tqDDeVd0oyVzh7BPrDcPjRnV1PV/5LaknXJJQvOuRGR0zQJz+w=="
    },
    "@noble/ciphers@2.1.1": {
      "integrity": "sha512-bysYuiVfhxNJuldNXlFEitTVdNnYUc+XNJZd7Qm2a5j1vZHgY+fazadNFWFaMK/2vye0JVlxV3gHmC0WDfAOQw=="
    },
    "@noble/curves@1.1.0": {
      "integrity": "sha512-091oBExgENk/kGj3AZmtBDMpxQPDtxQABR2B9lb1JbVTs6ytdzZNwvhxQ4MWasRNEzlbEH8jCWFCwhF/Obj5AA==",
      "dependencies": [
        "@noble/hashes@1.3.1"
      ]
    },
    "@noble/curves@1.2.0": {
      "integrity": "sha512-oYclrNgRaM9SsBUBVbb8M6DTV7ZHRTKugureoYEncY5c65HOmRzvSiTE3y5CYaPYJA/GVkrhXEoF0M3Ya9PMnw==",
      "dependencies": [
        "@noble/hashes@1.3.2"
      ]
    },
    "@noble/curves@2.0.1": {
      "integrity": "sha512-vs1Az2OOTBiP4q0pwjW5aF0xp9n4MxVrmkFBxc6EKZc6ddYx5gaZiAsZoq0uRRXWbi3AT/sBqn05eRPtn1JCPw==",
      "dependencies": [
        "@noble/hashes@2.0.1"
      ]
    },
    "@noble/hashes@1.3.1": {
      "integrity": "sha512-EbqwksQwz9xDRGfDST86whPBgM65E0OH/pCgqW0GBVzO22bNE+NuIbeTb714+IfSjU3aRk47EUvXIb5bTsenKA=="
    },
    "@noble/hashes@1.3.2": {
      "integrity": "sha512-MVC8EAQp7MvEcm30KWENFjgR+Mkmf+D189XJTkFIlwohU5hcBbn1ZkKq7KVTi2Hme3PMGF390DaL52beVrIihQ=="
    },
    "@noble/hashes@2.0.1": {
      "integrity": "sha512-XlOlEbQcE9fmuXxrVTXCTlG2nlRXa9Rj3rr5Ue/+tX+nmkgbX720YHh0VR3hBF9xDvwnb8D2shVGOwNx+ulArw=="
    },
    "@opentelemetry/api@1.9.1": {
      "integrity": "sha512-gLyJlPHPZYdAk1JENA9LeHejZe1Ti77/pTeFm/nMXmQH/HFZlcS/O2XJB+L8fkbrNSqhdtlvjBVjxwUYanNH5Q=="
    },
    "@preact/signals-core@1.14.2": {
      "integrity": "sha512-RZHdBj9ZF4n40Rp4jS052EHHjBWf96P9oNdXPfhQTovCuWY9iQn3Gq+gOTJSgBO9A/JBuPfMOWsSX/lIU9Pc/A=="
    },
    "@preact/signals@2.9.1_preact@10.29.2": {
      "integrity": "sha512-xVqN8mJjbSN5IB/8Ubmd9NN+Ew6zJswoRxrjZbH3YsgkMshFeO6d8zxEFpHRTq9GJZx7cnPs2CnCpFqtGXGNsw==",
      "dependencies": [
        "@preact/signals-core",
        "preact"
      ]
    },
    "@redis/bloom@6.0.0_@redis+client@6.0.0__@opentelemetry+api@1.9.1_@opentelemetry+api@1.9.1": {
      "integrity": "sha512-P0n5NkV9IIdT6nYXOfMHG83sho8pE7Nay7yw27wOGVLv4DthgvzebpGz6m7VuMTizeJmw3LPw2Xek5wFUhGpVw==",
      "dependencies": [
        "@redis/client"
      ]
    },
    "@redis/client@6.0.0_@opentelemetry+api@1.9.1": {
      "integrity": "sha512-NS4iIT25r24sAjNQ2nSRdCW5jPJoV0rxkBee27oTeR+RXaOu89cjIsrww5rPBaYVGVdL1QCx9uz9141gZiSKdQ==",
      "dependencies": [
        "@opentelemetry/api",
        "cluster-key-slot"
      ],
      "optionalPeers": [
        "@opentelemetry/api"
      ]
    },
    "@redis/json@6.0.0_@redis+client@6.0.0__@opentelemetry+api@1.9.1_@opentelemetry+api@1.9.1": {
      "integrity": "sha512-F+eqFfgPcy57Zs1KW7UtLnBtRk6lxAUIoe7dyZerpm6e+ssYXG/dWJrbrHFYs0b7tt6QBtYpVuukBuM9XqhUAg==",
      "dependencies": [
        "@redis/client"
      ]
    },
    "@redis/search@6.0.0_@redis+client@6.0.0__@opentelemetry+api@1.9.1_@opentelemetry+api@1.9.1": {
      "integrity": "sha512-VHuCJ2W0YWFixGZh/l//8JiyOsD4gN+NhjdRAGIoUe0UQ4mtq1NyY2ZJ973XT+vYhaU21XdK8r8oNrd5n7wbzQ==",
      "dependencies": [
        "@redis/client"
      ]
    },
    "@redis/time-series@6.0.0_@redis+client@6.0.0__@opentelemetry+api@1.9.1_@opentelemetry+api@1.9.1": {
      "integrity": "sha512-QWhkYsg+3lhBrBf+cbzybtV8LQcSrk7iXIgTaGU+pHNFTkql7TpVRE24ROS6M2ybVIV6O/zxTqfxgxxYiqyw0Q==",
      "dependencies": [
        "@redis/client"
      ]
    },
    "@scure/base@1.1.1": {
      "integrity": "sha512-ZxOhsSyxYwLJj3pLZCefNitxsj093tb2vq90mp2txoYeBqbcjDjqFhyM8eUjq/uFm6zJ+mUuqxlS2FkuSY1MTA=="
    },
    "@scure/base@2.0.0": {
      "integrity": "sha512-3E1kpuZginKkek01ovG8krQ0Z44E3DHPjc5S2rjJw9lZn3KSQOs8S7wqikF/AH7iRanHypj85uGyxk0XAyC37w=="
    },
    "@scure/bip32@1.3.1": {
      "integrity": "sha512-osvveYtyzdEVbt3OfwwXFr4P2iVBL5u1Q3q4ONBfDY/UpOuXmOlbgwc1xECEboY8wIays8Yt6onaWMUdUbfl0A==",
      "dependencies": [
        "@noble/curves@1.1.0",
        "@noble/hashes@1.3.2",
        "@scure/base@1.1.1"
      ]
    },
    "@scure/bip32@2.0.1": {
      "integrity": "sha512-4Md1NI5BzoVP+bhyJaY3K6yMesEFzNS1sE/cP+9nuvE7p/b0kx9XbpDHHFl8dHtufcbdHRUUQdRqLIPHN/s7yA==",
      "dependencies": [
        "@noble/curves@2.0.1",
        "@noble/hashes@2.0.1",
        "@scure/base@2.0.0"
      ]
    },
    "@scure/bip39@1.2.1": {
      "integrity": "sha512-Z3/Fsz1yr904dduJD0NpiyRHhRYHdcnyh73FZWiV+/qhWi83wNJ3NWolYqCEN+ZWsUz2TWwajJggcRE9r1zUYg==",
      "dependencies": [
        "@noble/hashes@1.3.2",
        "@scure/base@1.1.1"
      ]
    },
    "@scure/bip39@2.0.1": {
      "integrity": "sha512-PsxdFj/d2AcJcZDX1FXN3dDgitDDTmwf78rKZq1a6c1P1Nan1X/Sxc7667zU3U+AN60g7SxxP0YCVw2H/hBycg==",
      "dependencies": [
        "@noble/hashes@2.0.1",
        "@scure/base@2.0.0"
      ]
    },
    "@types/ip@1.1.3": {
      "integrity": "sha512-64waoJgkXFTYnCYDUWgSATJ/dXEBanVkaP5d4Sbk7P6U7cTTMhxVyROTckc6JKdwCrgnAjZMn0k3177aQxtDEA==",
      "dependencies": [
        "@types/node"
      ]
    },
    "@types/node@25.2.3": {
      "integrity": "sha512-m0jEgYlYz+mDJZ2+F4v8D1AyQb+QzsNqRuI7xg1VQX/KlKS0qT9r1Mo16yo5F/MtifXFgaofIFsdFMox2SxIbQ==",
      "dependencies": [
        "undici-types"
      ]
    },
    "ajv@8.20.0": {
      "integrity": "sha512-Thbli+OlOj+iMPYFBVBfJ3OmCAnaSyNn4M1vz9T6Gka5Jt9ba/HIR56joy65tY6kx/FCF5VXNB819Y7/GUrBGA==",
      "dependencies": [
        "fast-deep-equal",
        "fast-uri",
        "json-schema-traverse",
        "require-from-string"
      ]
    },
    "cluster-key-slot@1.1.2": {
      "integrity": "sha512-RMr0FhtfXemyinomL4hrWcYJxmX6deFdCxpJzhDttxgO1+bcCnkk+9drydLVDmAMG7NE6aN/fl4F7ucU/90gAA=="
    },
    "esbuild-wasm@0.25.12": {
      "integrity": "sha512-rZqkjL3Y6FwLpSHzLnaEy8Ps6veCNo1kZa9EOfJvmWtBq5dJH4iVjfmOO6Mlkv9B0tt9WFPFmb/VxlgJOnueNg==",
      "bin": true
    },
    "esbuild@0.25.7": {
      "integrity": "sha512-daJB0q2dmTzo90L9NjRaohhRWrCzYxWNFTjEi72/h+p5DcY3yn4MacWfDakHmaBaDzDiuLJsCh0+6LK/iX+c+Q==",
      "optionalDependencies": [
        "@esbuild/aix-ppc64@0.25.7",
        "@esbuild/android-arm@0.25.7",
        "@esbuild/android-arm64@0.25.7",
        "@esbuild/android-x64@0.25.7",
        "@esbuild/darwin-arm64@0.25.7",
        "@esbuild/darwin-x64@0.25.7",
        "@esbuild/freebsd-arm64@0.25.7",
        "@esbuild/freebsd-x64@0.25.7",
        "@esbuild/linux-arm@0.25.7",
        "@esbuild/linux-arm64@0.25.7",
        "@esbuild/linux-ia32@0.25.7",
        "@esbuild/linux-loong64@0.25.7",
        "@esbuild/linux-mips64el@0.25.7",
        "@esbuild/linux-ppc64@0.25.7",
        "@esbuild/linux-riscv64@0.25.7",
        "@esbuild/linux-s390x@0.25.7",
        "@esbuild/linux-x64@0.25.7",
        "@esbuild/netbsd-arm64@0.25.7",
        "@esbuild/netbsd-x64@0.25.7",
        "@esbuild/openbsd-arm64@0.25.7",
        "@esbuild/openbsd-x64@0.25.7",
        "@esbuild/openharmony-arm64@0.25.7",
        "@esbuild/sunos-x64@0.25.7",
        "@esbuild/win32-arm64@0.25.7",
        "@esbuild/win32-ia32@0.25.7",
        "@esbuild/win32-x64@0.25.7"
      ],
      "scripts": true,
      "bin": true
    },
    "esbuild@0.28.1": {
      "integrity": "sha512-HrJrvZv5ayxBzPfwphOoNzkzOIIlifzk0KJrGK2c8R4+LKpMtpYLQeUdjnwjWv/LZlkH2laZk+4w78pi99D4Vw==",
      "optionalDependencies": [
        "@esbuild/aix-ppc64@0.28.1",
        "@esbuild/android-arm@0.28.1",
        "@esbuild/android-arm64@0.28.1",
        "@esbuild/android-x64@0.28.1",
        "@esbuild/darwin-arm64@0.28.1",
        "@esbuild/darwin-x64@0.28.1",
        "@esbuild/freebsd-arm64@0.28.1",
        "@esbuild/freebsd-x64@0.28.1",
        "@esbuild/linux-arm@0.28.1",
        "@esbuild/linux-arm64@0.28.1",
        "@esbuild/linux-ia32@0.28.1",
        "@esbuild/linux-loong64@0.28.1",
        "@esbuild/linux-mips64el@0.28.1",
        "@esbuild/linux-ppc64@0.28.1",
        "@esbuild/linux-riscv64@0.28.1",
        "@esbuild/linux-s390x@0.28.1",
        "@esbuild/linux-x64@0.28.1",
        "@esbuild/netbsd-arm64@0.28.1",
        "@esbuild/netbsd-x64@0.28.1",
        "@esbuild/openbsd-arm64@0.28.1",
        "@esbuild/openbsd-x64@0.28.1",
        "@esbuild/openharmony-arm64@0.28.1",
        "@esbuild/sunos-x64@0.28.1",
        "@esbuild/win32-arm64@0.28.1",
        "@esbuild/win32-ia32@0.28.1",
        "@esbuild/win32-x64@0.28.1"
      ],
      "scripts": true,
      "bin": true
    },
    "fast-deep-equal@3.1.3": {
      "integrity": "sha512-f3qQ9oQy9j2AhBe/H9VC91wLmKBCCU/gDOnKNAYG5hswO7BLKj09Hc5HYNz9cGI++xlpDCIgDaitVs03ATR84Q=="
    },
    "fast-uri@3.1.2": {
      "integrity": "sha512-rVjf7ArG3LTk+FS6Yw81V1DLuZl1bRbNrev6Tmd/9RaroeeRRJhAt7jg/6YFxbvAQXUCavSoZhPPj6oOx+5KjQ=="
    },
    "ip@1.1.8": {
      "integrity": "sha512-PuExPYUiu6qMBQb4l06ecm6T6ujzhmh+MeJcW9wa89PoAz5pvd4zPgN5WJV104mb6S2T1AwNIAaB70JNrLQWhg=="
    },
    "json-schema-traverse@1.0.0": {
      "integrity": "sha512-NM8/P9n3XjXhIZn1lLhkFaACTOURQXjWhV4BA/RnOv8xvgqtqpAX9IO4mRQxSx1Rlo4tqzeqb0sOlruaOy3dug=="
    },
    "maxmind@5.0.6": {
      "integrity": "sha512-5bvd/u+kIaTqaGM+xkXjatzQw1dQfSmlLggr2W1EKMyMxSgx2woZyusLpNpZ4DdPmL+1bbJWeo4LXsi6bC0Iew==",
      "dependencies": [
        "mmdb-lib",
        "tiny-lru"
      ]
    },
    "mmdb-lib@3.0.2": {
      "integrity": "sha512-7e87vk0DdWT647wjcfEtWeMtjm+zVGqNohN/aeIymbUfjHQ2T4Sx5kM+1irVDBSloNC3CkGKxswdMoo8yhqTDg=="
    },
    "nostr-tools@2.10.1": {
      "integrity": "sha512-fnAxLi92UgyMAEw4fMEhDKzH53uBJ0WkkVPTNfX0b3bspeWWn0n5tDZtKRJbvW0wAGOPmU6LYWi/IKPOsq3p2Q==",
      "dependencies": [
        "@noble/ciphers@0.5.3",
        "@noble/curves@1.2.0",
        "@noble/hashes@1.3.1",
        "@scure/base@1.1.1",
        "@scure/bip32@1.3.1",
        "@scure/bip39@1.2.1"
      ],
      "optionalDependencies": [
        "nostr-wasm"
      ]
    },
    "nostr-wasm@0.1.0": {
      "integrity": "sha512-78BTryCLcLYv96ONU8Ws3Q1JzjlAt+43pWQhIl86xZmWeegYCNLPml7yQ+gG3vR6V5h4XGj+TxO+SS5dsThQIA=="
    },
    "preact-render-to-string@6.7.0_preact@10.29.2": {
      "integrity": "sha512-Z4WR8fmLMRpdYqJ9i7vrlXSsSrxVJydwrkEXHapexfARbWfGb7vGcnvNQnIzN0cXciMVOlz/XLoiMCi9gUsy9Q==",
      "dependencies": [
        "preact"
      ]
    },
    "preact@10.29.2": {
      "integrity": "sha512-7tNmwg/7mzzAoB/8kSg6Hl37JraAZw3Z3A0JSY7VXlZwo82Xn0G7wKbNNs2qoF4ZEEsQGTwDAroNdqKs1ofJxQ=="
    },
    "redis@6.0.0_@opentelemetry+api@1.9.1": {
      "integrity": "sha512-n9Thfc39OXleEoPT2k5gwKsqY+HfCww3YS71ofcr9KKbkn89bpjU9dToIlD+JRdM3/GYQkwMtVgTxLyed+LptQ==",
      "dependencies": [
        "@redis/bloom",
        "@redis/client",
        "@redis/json",
        "@redis/search",
        "@redis/time-series"
      ]
    },
    "require-from-string@2.0.2": {
      "integrity": "sha512-Xf0nWe6RseziFMu+Ap9biiUbmplq6S9/p+7w7YXP/JBHhrUDDUhwa+vANyubuqfZWTveU//DYVGsDG7RKL/vEw=="
    },
    "tiny-lru@13.0.0": {
      "integrity": "sha512-xDHxKKS1FdF0Tv2P+QT7IeSEg74K/8cEDzbv3Tv6UyHHUgBOjOiQiBp818MGj66dhurQus/IBcoAbwIKtSGc6Q=="
    },
    "undici-types@7.16.0": {
      "integrity": "sha512-Zz+aZWSj8LE6zoxD+xrjh4VfkIG8Ya6LvYkZqtUQGJPZjYl53ypCaUwWqo7eI0x66KBGeRo+mlBEkMSeSZ38Nw=="
    }
  },
  "remote": {
    "https://deno.land/std@0.224.0/dotenv/mod.ts": "0180eaeedaaf88647318811cdaa418cc64dc51fb08354f91f5f480d0a1309f7d",
    "https://deno.land/std@0.224.0/dotenv/parse.ts": "09977ff88dfd1f24f9973a338f0f91bbdb9307eb5ff6085446e7c423e4c7ba0c",
    "https://deno.land/std@0.224.0/dotenv/stringify.ts": "275da322c409170160440836342eaa7cf012a1d11a7e700d8ca4e7f2f8aa4615"
  },
  "workspace": {
    "dependencies": [
      "jsr:@fresh/core@^2.3.3",
      "jsr:@nostr/tools@2.23.6",
      "jsr:@std/assert@^1.0.19",
      "jsr:@std/log@0.224.14",
      "jsr:@std/path@^1.1.5",
      "jsr:@std/yaml@^1.1.1",
      "npm:ajv@^8.20.0",
      "npm:esbuild@~0.28.1",
      "npm:maxmind@^5.0.6",
      "npm:preact-render-to-string@^6.7.0",
      "npm:preact@^10.29.2",
      "npm:redis@6"
    ]
  }
}
